
Microsoft Visual Studio Solution File, Format Version 12.00
# Visual Studio 15
VisualStudioVersion = 15.0.28010.2050
MinimumVisualStudioVersion = 10.0.40219.1
Project("{8BC9CEB8-8B4A-11D0-8D11-00A0C91BC942}") = "Project5", "Project5\Project5.vcxproj", "{D34FD589-8661-4F01-B6B0-83BA8586428B}"
EndProject
Global
	GlobalSection(SolutionConfigurationPlatforms) = preSolution
		Debug|x64 = Debug|x64
		Debug|x86 = Debug|x86
		Release|x64 = Release|x64
		Release|x86 = Release|x86
	EndGlobalSection
	GlobalSection(ProjectConfigurationPlatforms) = postSolution
		{D34FD589-8661-4F01-B6B0-83BA8586428B}.Debug|x64.ActiveCfg = Debug|x64
		{D34FD589-8661-4F01-B6B0-83BA8586428B}.Debug|x64.Build.0 = Debug|x64
		{D34FD589-8661-4F01-B6B0-83BA8586428B}.Debug|x86.ActiveCfg = Debug|Win32
		{D34FD589-8661-4F01-B6B0-83BA8586428B}.Debug|x86.Build.0 = Debug|Win32
		{D34FD589-8661-4F01-B6B0-83BA8586428B}.Release|x64.ActiveCfg = Release|x64
		{D34FD589-8661-4F01-B6B0-83BA8586428B}.Release|x64.Build.0 = Release|x64
		{D34FD589-8661-4F01-B6B0-83BA8586428B}.Release|x86.ActiveCfg = Release|Win32
		{D34FD589-8661-4F01-B6B0-83BA8586428B}.Release|x86.Build.0 = Release|Win32
	EndGlobalSection
	GlobalSection(SolutionProperties) = preSolution
		HideSolutionNode = FALSE
	EndGlobalSection
	GlobalSection(ExtensibilityGlobals) = postSolution
		SolutionGuid = {9E9AFA0F-EA83-415C-8BB9-1A1BBA5019CA}
	EndGlobalSection
EndGlobal
